# This file is automatically @generated by Wally.
# It is not intended for manual editing.
registry = "test"

[[package]]
name = "elithegingercat/libre-duel"
version = "0.1.0"
dependencies = [["chrono", "parihsz/chrono@1.4.0"]]

[[package]]
name = "parihsz/chrono"
version = "1.4.0"
dependencies = []
