# This file is automatically @generated by Wally.
# It is not intended for manual editing.
registry = "test"

[[package]]
name = "elithegingercat/libre-duel"
version = "0.1.0"
dependencies = [["chrono", "parihsz/chrono@2.0.0-experimental"]]

[[package]]
name = "parihsz/chrono"
version = "2.0.0-experimental"
dependencies = []
